// !$*UTF8*$!
{
	archiveVersion = 1;
	classes = {
	};
	objectVersion = 46;
	objects = {

/* Begin PBXBuildFile section */
		ED13ED5F1AC203FC00A92CCF /* main.m in Sources */ = {isa = PBXBuildFile; fileRef = ED13ED5E1AC203FC00A92CCF /* main.m */; };
		ED13ED621AC203FC00A92CCF /* AppDelegate.m in Sources */ = {isa = PBXBuildFile; fileRef = ED13ED611AC203FC00A92CCF /* AppDelegate.m */; };
		ED13ED6A1AC203FC00A92CCF /* Images.xcassets in Resources */ = {isa = PBXBuildFile; fileRef = ED13ED691AC203FC00A92CCF /* Images.xcassets */; };
		ED13ED6D1AC203FC00A92CCF /* LaunchScreen.xib in Resources */ = {isa = PBXBuildFile; fileRef = ED13ED6B1AC203FC00A92CCF /* LaunchScreen.xib */; };
		ED13ED791AC203FC00A92CCF /* StarWarsTests.m in Sources */ = {isa = PBXBuildFile; fileRef = ED13ED781AC203FC00A92CCF /* StarWarsTests.m */; };
		ED13ED841AC215C300A92CCF /* AGTStarWarsCharacter.m in Sources */ = {isa = PBXBuildFile; fileRef = ED13ED831AC215C300A92CCF /* AGTStarWarsCharacter.m */; };
		ED13ED891AC21A4F00A92CCF /* AGTCharacterViewController.m in Sources */ = {isa = PBXBuildFile; fileRef = ED13ED871AC21A4F00A92CCF /* AGTCharacterViewController.m */; };
		ED13ED8A1AC21A4F00A92CCF /* AGTCharacterViewController.xib in Resources */ = {isa = PBXBuildFile; fileRef = ED13ED881AC21A4F00A92CCF /* AGTCharacterViewController.xib */; };
		ED13ED9C1AC2281300A92CCF /* c3po.jpg in Resources */ = {isa = PBXBuildFile; fileRef = ED13ED8C1AC2281300A92CCF /* c3po.jpg */; };
		ED13ED9D1AC2281300A92CCF /* c3po.caf in Resources */ = {isa = PBXBuildFile; fileRef = ED13ED8D1AC2281300A92CCF /* c3po.caf */; };
		ED13ED9E1AC2281300A92CCF /* chewbacca.caf in Resources */ = {isa = PBXBuildFile; fileRef = ED13ED8E1AC2281300A92CCF /* chewbacca.caf */; };
		ED13ED9F1AC2281300A92CCF /* chewbacca.jpg in Resources */ = {isa = PBXBuildFile; fileRef = ED13ED8F1AC2281300A92CCF /* chewbacca.jpg */; };
		ED13EDA01AC2281300A92CCF /* darthVader.jpg in Resources */ = {isa = PBXBuildFile; fileRef = ED13ED901AC2281300A92CCF /* darthVader.jpg */; };
		ED13EDA11AC2281300A92CCF /* icon.png in Resources */ = {isa = PBXBuildFile; fileRef = ED13ED911AC2281300A92CCF /* icon.png */; };
		ED13EDA21AC2281300A92CCF /* iconSmall.png in Resources */ = {isa = PBXBuildFile; fileRef = ED13ED921AC2281300A92CCF /* iconSmall.png */; };
		ED13EDA31AC2281300A92CCF /* palpatine.caf in Resources */ = {isa = PBXBuildFile; fileRef = ED13ED931AC2281300A92CCF /* palpatine.caf */; };
		ED13EDA41AC2281300A92CCF /* palpatine.jpg in Resources */ = {isa = PBXBuildFile; fileRef = ED13ED941AC2281300A92CCF /* palpatine.jpg */; };
		ED13EDA51AC2281300A92CCF /* r2-d2.caf in Resources */ = {isa = PBXBuildFile; fileRef = ED13ED951AC2281300A92CCF /* r2-d2.caf */; };
		ED13EDA61AC2281300A92CCF /* R2-D2.jpg in Resources */ = {isa = PBXBuildFile; fileRef = ED13ED961AC2281300A92CCF /* R2-D2.jpg */; };
		ED13EDA71AC2281300A92CCF /* tarkin.caf in Resources */ = {isa = PBXBuildFile; fileRef = ED13ED971AC2281300A92CCF /* tarkin.caf */; };
		ED13EDA81AC2281300A92CCF /* tarkin.jpg in Resources */ = {isa = PBXBuildFile; fileRef = ED13ED981AC2281300A92CCF /* tarkin.jpg */; };
		ED13EDA91AC2281300A92CCF /* vader.caf in Resources */ = {isa = PBXBuildFile; fileRef = ED13ED991AC2281300A92CCF /* vader.caf */; };
		ED13EDAA1AC2281300A92CCF /* yoda.caf in Resources */ = {isa = PBXBuildFile; fileRef = ED13ED9A1AC2281300A92CCF /* yoda.caf */; };
		ED13EDAB1AC2281300A92CCF /* yoda.jpg in Resources */ = {isa = PBXBuildFile; fileRef = ED13ED9B1AC2281300A92CCF /* yoda.jpg */; };
		ED13EDAF1AC346F900A92CCF /* CafPlayer.m in Sources */ = {isa = PBXBuildFile; fileRef = ED13EDAE1AC346F900A92CCF /* CafPlayer.m */; };
		ED13EDB41AC34E5A00A92CCF /* AGTWikiViewController.m in Sources */ = {isa = PBXBuildFile; fileRef = ED13EDB21AC34E5A00A92CCF /* AGTWikiViewController.m */; };
		ED13EDB51AC34E5A00A92CCF /* AGTWikiViewController.xib in Resources */ = {isa = PBXBuildFile; fileRef = ED13EDB31AC34E5A00A92CCF /* AGTWikiViewController.xib */; };
		ED13EDB81AC376B600A92CCF /* AGTStarWarsUniverse.m in Sources */ = {isa = PBXBuildFile; fileRef = ED13EDB71AC376B600A92CCF /* AGTStarWarsUniverse.m */; };
		ED13EDBB1AC4997C00A92CCF /* AGTUniverseTableViewController.m in Sources */ = {isa = PBXBuildFile; fileRef = ED13EDBA1AC4997C00A92CCF /* AGTUniverseTableViewController.m */; };
/* End PBXBuildFile section */

/* Begin PBXContainerItemProxy section */
		ED13ED731AC203FC00A92CCF /* PBXContainerItemProxy */ = {
			isa = PBXContainerItemProxy;
			containerPortal = ED13ED511AC203FC00A92CCF /* Project object */;
			proxyType = 1;
			remoteGlobalIDString = ED13ED581AC203FC00A92CCF;
			remoteInfo = StarWars;
		};
/* End PBXContainerItemProxy section */

/* Begin PBXFileReference section */
		ED13ED591AC203FC00A92CCF /* StarWars.app */ = {isa = PBXFileReference; explicitFileType = wrapper.application; includeInIndex = 0; path = StarWars.app; sourceTree = BUILT_PRODUCTS_DIR; };
		ED13ED5D1AC203FC00A92CCF /* Info.plist */ = {isa = PBXFileReference; lastKnownFileType = text.plist.xml; path = Info.plist; sourceTree = "<group>"; };
		ED13ED5E1AC203FC00A92CCF /* main.m */ = {isa = PBXFileReference; lastKnownFileType = sourcecode.c.objc; path = main.m; sourceTree = "<group>"; };
		ED13ED601AC203FC00A92CCF /* AppDelegate.h */ = {isa = PBXFileReference; lastKnownFileType = sourcecode.c.h; path = AppDelegate.h; sourceTree = "<group>"; };
		ED13ED611AC203FC00A92CCF /* AppDelegate.m */ = {isa = PBXFileReference; lastKnownFileType = sourcecode.c.objc; path = AppDelegate.m; sourceTree = "<group>"; };
		ED13ED691AC203FC00A92CCF /* Images.xcassets */ = {isa = PBXFileReference; lastKnownFileType = folder.assetcatalog; path = Images.xcassets; sourceTree = "<group>"; };
		ED13ED6C1AC203FC00A92CCF /* Base */ = {isa = PBXFileReference; lastKnownFileType = file.xib; name = Base; path = Base.lproj/LaunchScreen.xib; sourceTree = "<group>"; };
		ED13ED721AC203FC00A92CCF /* StarWarsTests.xctest */ = {isa = PBXFileReference; explicitFileType = wrapper.cfbundle; includeInIndex = 0; path = StarWarsTests.xctest; sourceTree = BUILT_PRODUCTS_DIR; };
		ED13ED771AC203FC00A92CCF /* Info.plist */ = {isa = PBXFileReference; lastKnownFileType = text.plist.xml; path = Info.plist; sourceTree = "<group>"; };
		ED13ED781AC203FC00A92CCF /* StarWarsTests.m */ = {isa = PBXFileReference; lastKnownFileType = sourcecode.c.objc; path = StarWarsTests.m; sourceTree = "<group>"; };
		ED13ED821AC215C300A92CCF /* AGTStarWarsCharacter.h */ = {isa = PBXFileReference; fileEncoding = 4; lastKnownFileType = sourcecode.c.h; path = AGTStarWarsCharacter.h; sourceTree = "<group>"; };
		ED13ED831AC215C300A92CCF /* AGTStarWarsCharacter.m */ = {isa = PBXFileReference; fileEncoding = 4; lastKnownFileType = sourcecode.c.objc; path = AGTStarWarsCharacter.m; sourceTree = "<group>"; };
		ED13ED861AC21A4F00A92CCF /* AGTCharacterViewController.h */ = {isa = PBXFileReference; fileEncoding = 4; lastKnownFileType = sourcecode.c.h; path = AGTCharacterViewController.h; sourceTree = "<group>"; };
		ED13ED871AC21A4F00A92CCF /* AGTCharacterViewController.m */ = {isa = PBXFileReference; fileEncoding = 4; lastKnownFileType = sourcecode.c.objc; path = AGTCharacterViewController.m; sourceTree = "<group>"; };
		ED13ED881AC21A4F00A92CCF /* AGTCharacterViewController.xib */ = {isa = PBXFileReference; fileEncoding = 4; lastKnownFileType = file.xib; path = AGTCharacterViewController.xib; sourceTree = "<group>"; };
		ED13ED8C1AC2281300A92CCF /* c3po.jpg */ = {isa = PBXFileReference; lastKnownFileType = image.jpeg; path = c3po.jpg; sourceTree = "<group>"; };
		ED13ED8D1AC2281300A92CCF /* c3po.caf */ = {isa = PBXFileReference; lastKnownFileType = file; path = c3po.caf; sourceTree = "<group>"; };
		ED13ED8E1AC2281300A92CCF /* chewbacca.caf */ = {isa = PBXFileReference; lastKnownFileType = file; path = chewbacca.caf; sourceTree = "<group>"; };
		ED13ED8F1AC2281300A92CCF /* chewbacca.jpg */ = {isa = PBXFileReference; lastKnownFileType = image.jpeg; path = chewbacca.jpg; sourceTree = "<group>"; };
		ED13ED901AC2281300A92CCF /* darthVader.jpg */ = {isa = PBXFileReference; lastKnownFileType = image.jpeg; path = darthVader.jpg; sourceTree = "<group>"; };
		ED13ED911AC2281300A92CCF /* icon.png */ = {isa = PBXFileReference; lastKnownFileType = image.png; path = icon.png; sourceTree = "<group>"; };
		ED13ED921AC2281300A92CCF /* iconSmall.png */ = {isa = PBXFileReference; lastKnownFileType = image.png; path = iconSmall.png; sourceTree = "<group>"; };
		ED13ED931AC2281300A92CCF /* palpatine.caf */ = {isa = PBXFileReference; lastKnownFileType = file; path = palpatine.caf; sourceTree = "<group>"; };
		ED13ED941AC2281300A92CCF /* palpatine.jpg */ = {isa = PBXFileReference; lastKnownFileType = image.jpeg; path = palpatine.jpg; sourceTree = "<group>"; };
		ED13ED951AC2281300A92CCF /* r2-d2.caf */ = {isa = PBXFileReference; lastKnownFileType = file; path = "r2-d2.caf"; sourceTree = "<group>"; };
		ED13ED961AC2281300A92CCF /* R2-D2.jpg */ = {isa = PBXFileReference; lastKnownFileType = image.jpeg; path = "R2-D2.jpg"; sourceTree = "<group>"; };
		ED13ED971AC2281300A92CCF /* tarkin.caf */ = {isa = PBXFileReference; lastKnownFileType = file; path = tarkin.caf; sourceTree = "<group>"; };
		ED13ED981AC2281300A92CCF /* tarkin.jpg */ = {isa = PBXFileReference; lastKnownFileType = image.jpeg; path = tarkin.jpg; sourceTree = "<group>"; };
		ED13ED991AC2281300A92CCF /* vader.caf */ = {isa = PBXFileReference; lastKnownFileType = file; path = vader.caf; sourceTree = "<group>"; };
		ED13ED9A1AC2281300A92CCF /* yoda.caf */ = {isa = PBXFileReference; lastKnownFileType = file; path = yoda.caf; sourceTree = "<group>"; };
		ED13ED9B1AC2281300A92CCF /* yoda.jpg */ = {isa = PBXFileReference; lastKnownFileType = image.jpeg; path = yoda.jpg; sourceTree = "<group>"; };
		ED13EDAD1AC346F900A92CCF /* CafPlayer.h */ = {isa = PBXFileReference; fileEncoding = 4; lastKnownFileType = sourcecode.c.h; path = CafPlayer.h; sourceTree = "<group>"; };
		ED13EDAE1AC346F900A92CCF /* CafPlayer.m */ = {isa = PBXFileReference; fileEncoding = 4; lastKnownFileType = sourcecode.c.objc; path = CafPlayer.m; sourceTree = "<group>"; };
		ED13EDB11AC34E5A00A92CCF /* AGTWikiViewController.h */ = {isa = PBXFileReference; fileEncoding = 4; lastKnownFileType = sourcecode.c.h; path = AGTWikiViewController.h; sourceTree = "<group>"; };
		ED13EDB21AC34E5A00A92CCF /* AGTWikiViewController.m */ = {isa = PBXFileReference; fileEncoding = 4; lastKnownFileType = sourcecode.c.objc; path = AGTWikiViewController.m; sourceTree = "<group>"; };
		ED13EDB31AC34E5A00A92CCF /* AGTWikiViewController.xib */ = {isa = PBXFileReference; fileEncoding = 4; lastKnownFileType = file.xib; path = AGTWikiViewController.xib; sourceTree = "<group>"; };
		ED13EDB61AC376B600A92CCF /* AGTStarWarsUniverse.h */ = {isa = PBXFileReference; fileEncoding = 4; lastKnownFileType = sourcecode.c.h; path = AGTStarWarsUniverse.h; sourceTree = "<group>"; };
		ED13EDB71AC376B600A92CCF /* AGTStarWarsUniverse.m */ = {isa = PBXFileReference; fileEncoding = 4; lastKnownFileType = sourcecode.c.objc; path = AGTStarWarsUniverse.m; sourceTree = "<group>"; };
		ED13EDB91AC4997C00A92CCF /* AGTUniverseTableViewController.h */ = {isa = PBXFileReference; fileEncoding = 4; lastKnownFileType = sourcecode.c.h; path = AGTUniverseTableViewController.h; sourceTree = "<group>"; };
		ED13EDBA1AC4997C00A92CCF /* AGTUniverseTableViewController.m */ = {isa = PBXFileReference; fileEncoding = 4; lastKnownFileType = sourcecode.c.objc; path = AGTUniverseTableViewController.m; sourceTree = "<group>"; };
		EDADF6891AC60E5600A29005 /* Settings.h */ = {isa = PBXFileReference; fileEncoding = 4; lastKnownFileType = sourcecode.c.h; path = Settings.h; sourceTree = "<group>"; };
/* End PBXFileReference section */

/* Begin PBXFrameworksBuildPhase section */
		ED13ED561AC203FC00A92CCF /* Frameworks */ = {
			isa = PBXFrameworksBuildPhase;
			buildActionMask = 2147483647;
			files = (
			);
			runOnlyForDeploymentPostprocessing = 0;
		};
		ED13ED6F1AC203FC00A92CCF /* Frameworks */ = {
			isa = PBXFrameworksBuildPhase;
			buildActionMask = 2147483647;
			files = (
			);
			runOnlyForDeploymentPostprocessing = 0;
		};
/* End PBXFrameworksBuildPhase section */

/* Begin PBXGroup section */
		ED13ED501AC203FC00A92CCF = {
			isa = PBXGroup;
			children = (
				ED13ED5B1AC203FC00A92CCF /* StarWars */,
				ED13ED751AC203FC00A92CCF /* StarWarsTests */,
				ED13ED5A1AC203FC00A92CCF /* Products */,
			);
			sourceTree = "<group>";
		};
		ED13ED5A1AC203FC00A92CCF /* Products */ = {
			isa = PBXGroup;
			children = (
				ED13ED591AC203FC00A92CCF /* StarWars.app */,
				ED13ED721AC203FC00A92CCF /* StarWarsTests.xctest */,
			);
			name = Products;
			sourceTree = "<group>";
		};
		ED13ED5B1AC203FC00A92CCF /* StarWars */ = {
			isa = PBXGroup;
			children = (
				ED13EDB01AC3470100A92CCF /* Sound */,
				ED13EDAC1AC2281E00A92CCF /* Resources */,
				ED13ED851AC215CF00A92CCF /* Models */,
				ED13ED8B1AC21A5400A92CCF /* Controllers */,
				ED13ED601AC203FC00A92CCF /* AppDelegate.h */,
				ED13ED611AC203FC00A92CCF /* AppDelegate.m */,
				ED13ED691AC203FC00A92CCF /* Images.xcassets */,
				ED13ED6B1AC203FC00A92CCF /* LaunchScreen.xib */,
				ED13ED5C1AC203FC00A92CCF /* Supporting Files */,
				EDADF6891AC60E5600A29005 /* Settings.h */,
			);
			path = StarWars;
			sourceTree = "<group>";
		};
		ED13ED5C1AC203FC00A92CCF /* Supporting Files */ = {
			isa = PBXGroup;
			children = (
				ED13ED5D1AC203FC00A92CCF /* Info.plist */,
				ED13ED5E1AC203FC00A92CCF /* main.m */,
			);
			name = "Supporting Files";
			sourceTree = "<group>";
		};
		ED13ED751AC203FC00A92CCF /* StarWarsTests */ = {
			isa = PBXGroup;
			children = (
				ED13ED781AC203FC00A92CCF /* StarWarsTests.m */,
				ED13ED761AC203FC00A92CCF /* Supporting Files */,
			);
			path = StarWarsTests;
			sourceTree = "<group>";
		};
		ED13ED761AC203FC00A92CCF /* Supporting Files */ = {
			isa = PBXGroup;
			children = (
				ED13ED771AC203FC00A92CCF /* Info.plist */,
			);
			name = "Supporting Files";
			sourceTree = "<group>";
		};
		ED13ED851AC215CF00A92CCF /* Models */ = {
			isa = PBXGroup;
			children = (
				ED13ED821AC215C300A92CCF /* AGTStarWarsCharacter.h */,
				ED13ED831AC215C300A92CCF /* AGTStarWarsCharacter.m */,
				ED13EDB61AC376B600A92CCF /* AGTStarWarsUniverse.h */,
				ED13EDB71AC376B600A92CCF /* AGTStarWarsUniverse.m */,
			);
			name = Models;
			sourceTree = "<group>";
		};
		ED13ED8B1AC21A5400A92CCF /* Controllers */ = {
			isa = PBXGroup;
			children = (
				ED13ED861AC21A4F00A92CCF /* AGTCharacterViewController.h */,
				ED13ED871AC21A4F00A92CCF /* AGTCharacterViewController.m */,
				ED13ED881AC21A4F00A92CCF /* AGTCharacterViewController.xib */,
				ED13EDB11AC34E5A00A92CCF /* AGTWikiViewController.h */,
				ED13EDB21AC34E5A00A92CCF /* AGTWikiViewController.m */,
				ED13EDB31AC34E5A00A92CCF /* AGTWikiViewController.xib */,
				ED13EDB91AC4997C00A92CCF /* AGTUniverseTableViewController.h */,
				ED13EDBA1AC4997C00A92CCF /* AGTUniverseTableViewController.m */,
			);
			name = Controllers;
			path = ..;
			sourceTree = "<group>";
		};
		ED13EDAC1AC2281E00A92CCF /* Resources */ = {
			isa = PBXGroup;
			children = (
				ED13ED8C1AC2281300A92CCF /* c3po.jpg */,
				ED13ED8D1AC2281300A92CCF /* c3po.caf */,
				ED13ED8E1AC2281300A92CCF /* chewbacca.caf */,
				ED13ED8F1AC2281300A92CCF /* chewbacca.jpg */,
				ED13ED901AC2281300A92CCF /* darthVader.jpg */,
				ED13ED911AC2281300A92CCF /* icon.png */,
				ED13ED921AC2281300A92CCF /* iconSmall.png */,
				ED13ED931AC2281300A92CCF /* palpatine.caf */,
				ED13ED941AC2281300A92CCF /* palpatine.jpg */,
				ED13ED951AC2281300A92CCF /* r2-d2.caf */,
				ED13ED961AC2281300A92CCF /* R2-D2.jpg */,
				ED13ED971AC2281300A92CCF /* tarkin.caf */,
				ED13ED981AC2281300A92CCF /* tarkin.jpg */,
				ED13ED991AC2281300A92CCF /* vader.caf */,
				ED13ED9A1AC2281300A92CCF /* yoda.caf */,
				ED13ED9B1AC2281300A92CCF /* yoda.jpg */,
			);
			name = Resources;
			sourceTree = "<group>";
		};
		ED13EDB01AC3470100A92CCF /* Sound */ = {
			isa = PBXGroup;
			children = (
				ED13EDAD1AC346F900A92CCF /* CafPlayer.h */,
				ED13EDAE1AC346F900A92CCF /* CafPlayer.m */,
			);
			name = Sound;
			sourceTree = "<group>";
		};
/* End PBXGroup section */

/* Begin PBXNativeTarget section */
		ED13ED581AC203FC00A92CCF /* StarWars */ = {
			isa = PBXNativeTarget;
			buildConfigurationList = ED13ED7C1AC203FC00A92CCF /* Build configuration list for PBXNativeTarget "StarWars" */;
			buildPhases = (
				ED13ED551AC203FC00A92CCF /* Sources */,
				ED13ED561AC203FC00A92CCF /* Frameworks */,
				ED13ED571AC203FC00A92CCF /* Resources */,
			);
			buildRules = (
			);
			dependencies = (
			);
			name = StarWars;
			productName = StarWars;
			productReference = ED13ED591AC203FC00A92CCF /* StarWars.app */;
			productType = "com.apple.product-type.application";
		};
		ED13ED711AC203FC00A92CCF /* StarWarsTests */ = {
			isa = PBXNativeTarget;
			buildConfigurationList = ED13ED7F1AC203FC00A92CCF /* Build configuration list for PBXNativeTarget "StarWarsTests" */;
			buildPhases = (
				ED13ED6E1AC203FC00A92CCF /* Sources */,
				ED13ED6F1AC203FC00A92CCF /* Frameworks */,
				ED13ED701AC203FC00A92CCF /* Resources */,
			);
			buildRules = (
			);
			dependencies = (
				ED13ED741AC203FC00A92CCF /* PBXTargetDependency */,
			);
			name = StarWarsTests;
			productName = StarWarsTests;
			productReference = ED13ED721AC203FC00A92CCF /* StarWarsTests.xctest */;
			productType = "com.apple.product-type.bundle.unit-test";
		};
/* End PBXNativeTarget section */

/* Begin PBXProject section */
		ED13ED511AC203FC00A92CCF /* Project object */ = {
			isa = PBXProject;
			attributes = {
				LastUpgradeCheck = 0620;
				ORGANIZATIONNAME = Agbo;
				TargetAttributes = {
					ED13ED581AC203FC00A92CCF = {
						CreatedOnToolsVersion = 6.2;
					};
					ED13ED711AC203FC00A92CCF = {
						CreatedOnToolsVersion = 6.2;
						TestTargetID = ED13ED581AC203FC00A92CCF;
					};
				};
			};
			buildConfigurationList = ED13ED541AC203FC00A92CCF /* Build configuration list for PBXProject "StarWars" */;
			compatibilityVersion = "Xcode 3.2";
			developmentRegion = English;
			hasScannedForEncodings = 0;
			knownRegions = (
				en,
				Base,
			);
			mainGroup = ED13ED501AC203FC00A92CCF;
			productRefGroup = ED13ED5A1AC203FC00A92CCF /* Products */;
			projectDirPath = "";
			projectRoot = "";
			targets = (
				ED13ED581AC203FC00A92CCF /* StarWars */,
				ED13ED711AC203FC00A92CCF /* StarWarsTests */,
			);
		};
/* End PBXProject section */

/* Begin PBXResourcesBuildPhase section */
		ED13ED571AC203FC00A92CCF /* Resources */ = {
			isa = PBXResourcesBuildPhase;
			buildActionMask = 2147483647;
			files = (
				ED13EDA21AC2281300A92CCF /* iconSmall.png in Resources */,
				ED13EDA61AC2281300A92CCF /* R2-D2.jpg in Resources */,
				ED13EDA81AC2281300A92CCF /* tarkin.jpg in Resources */,
				ED13ED9C1AC2281300A92CCF /* c3po.jpg in Resources */,
				ED13EDA41AC2281300A92CCF /* palpatine.jpg in Resources */,
				ED13EDB51AC34E5A00A92CCF /* AGTWikiViewController.xib in Resources */,
				ED13EDA71AC2281300A92CCF /* tarkin.caf in Resources */,
				ED13ED6D1AC203FC00A92CCF /* LaunchScreen.xib in Resources */,
				ED13EDAB1AC2281300A92CCF /* yoda.jpg in Resources */,
				ED13EDA11AC2281300A92CCF /* icon.png in Resources */,
				ED13EDA01AC2281300A92CCF /* darthVader.jpg in Resources */,
				ED13EDAA1AC2281300A92CCF /* yoda.caf in Resources */,
				ED13EDA31AC2281300A92CCF /* palpatine.caf in Resources */,
				ED13ED9E1AC2281300A92CCF /* chewbacca.caf in Resources */,
				ED13EDA51AC2281300A92CCF /* r2-d2.caf in Resources */,
				ED13EDA91AC2281300A92CCF /* vader.caf in Resources */,
				ED13ED6A1AC203FC00A92CCF /* Images.xcassets in Resources */,
				ED13ED9D1AC2281300A92CCF /* c3po.caf in Resources */,
				ED13ED8A1AC21A4F00A92CCF /* AGTCharacterViewController.xib in Resources */,
				ED13ED9F1AC2281300A92CCF /* chewbacca.jpg in Resources */,
			);
			runOnlyForDeploymentPostprocessing = 0;
		};
		ED13ED701AC203FC00A92CCF /* Resources */ = {
			isa = PBXResourcesBuildPhase;
			buildActionMask = 2147483647;
			files = (
			);
			runOnlyForDeploymentPostprocessing = 0;
		};
/* End PBXResourcesBuildPhase section */

/* Begin PBXSourcesBuildPhase section */
		ED13ED551AC203FC00A92CCF /* Sources */ = {
			isa = PBXSourcesBuildPhase;
			buildActionMask = 2147483647;
			files = (
				ED13ED621AC203FC00A92CCF /* AppDelegate.m in Sources */,
				ED13EDB81AC376B600A92CCF /* AGTStarWarsUniverse.m in Sources */,
				ED13ED841AC215C300A92CCF /* AGTStarWarsCharacter.m in Sources */,
				ED13EDAF1AC346F900A92CCF /* CafPlayer.m in Sources */,
				ED13EDB41AC34E5A00A92CCF /* AGTWikiViewController.m in Sources */,
				ED13ED5F1AC203FC00A92CCF /* main.m in Sources */,
				ED13EDBB1AC4997C00A92CCF /* AGTUniverseTableViewController.m in Sources */,
				ED13ED891AC21A4F00A92CCF /* AGTCharacterViewController.m in Sources */,
			);
			runOnlyForDeploymentPostprocessing = 0;
		};
		ED13ED6E1AC203FC00A92CCF /* Sources */ = {
			isa = PBXSourcesBuildPhase;
			buildActionMask = 2147483647;
			files = (
				ED13ED791AC203FC00A92CCF /* StarWarsTests.m in Sources */,
			);
			runOnlyForDeploymentPostprocessing = 0;
		};
/* End PBXSourcesBuildPhase section */

/* Begin PBXTargetDependency section */
		ED13ED741AC203FC00A92CCF /* PBXTargetDependency */ = {
			isa = PBXTargetDependency;
			target = ED13ED581AC203FC00A92CCF /* StarWars */;
			targetProxy = ED13ED731AC203FC00A92CCF /* PBXContainerItemProxy */;
		};
/* End PBXTargetDependency section */

/* Begin PBXVariantGroup section */
		ED13ED6B1AC203FC00A92CCF /* LaunchScreen.xib */ = {
			isa = PBXVariantGroup;
			children = (
				ED13ED6C1AC203FC00A92CCF /* Base */,
			);
			name = LaunchScreen.xib;
			sourceTree = "<group>";
		};
/* End PBXVariantGroup section */

/* Begin XCBuildConfiguration section */
		ED13ED7A1AC203FC00A92CCF /* Debug */ = {
			isa = XCBuildConfiguration;
			buildSettings = {
				ALWAYS_SEARCH_USER_PATHS = NO;
				CLANG_CXX_LANGUAGE_STANDARD = "gnu++0x";
				CLANG_CXX_LIBRARY = "libc++";
				CLANG_ENABLE_MODULES = YES;
				CLANG_ENABLE_OBJC_ARC = YES;
				CLANG_WARN_BOOL_CONVERSION = YES;
				CLANG_WARN_CONSTANT_CONVERSION = YES;
				CLANG_WARN_DIRECT_OBJC_ISA_USAGE = YES_ERROR;
				CLANG_WARN_EMPTY_BODY = YES;
				CLANG_WARN_ENUM_CONVERSION = YES;
				CLANG_WARN_INT_CONVERSION = YES;
				CLANG_WARN_OBJC_ROOT_CLASS = YES_ERROR;
				CLANG_WARN_UNREACHABLE_CODE = YES;
				CLANG_WARN__DUPLICATE_METHOD_MATCH = YES;
				"CODE_SIGN_IDENTITY[sdk=iphoneos*]" = "iPhone Developer";
				COPY_PHASE_STRIP = NO;
				ENABLE_STRICT_OBJC_MSGSEND = YES;
				GCC_C_LANGUAGE_STANDARD = gnu99;
				GCC_DYNAMIC_NO_PIC = NO;
				GCC_OPTIMIZATION_LEVEL = 0;
				GCC_PREPROCESSOR_DEFINITIONS = (
					"DEBUG=1",
					"$(inherited)",
				);
				GCC_SYMBOLS_PRIVATE_EXTERN = NO;
				GCC_WARN_64_TO_32_BIT_CONVERSION = YES;
				GCC_WARN_ABOUT_RETURN_TYPE = YES_ERROR;
				GCC_WARN_UNDECLARED_SELECTOR = YES;
				GCC_WARN_UNINITIALIZED_AUTOS = YES_AGGRESSIVE;
				GCC_WARN_UNUSED_FUNCTION = YES;
				GCC_WARN_UNUSED_VARIABLE = YES;
				IPHONEOS_DEPLOYMENT_TARGET = 8.2;
				MTL_ENABLE_DEBUG_INFO = YES;
				ONLY_ACTIVE_ARCH = YES;
				SDKROOT = iphoneos;
				TARGETED_DEVICE_FAMILY = 2;
			};
			name = Debug;
		};
		ED13ED7B1AC203FC00A92CCF /* Release */ = {
			isa = XCBuildConfiguration;
			buildSettings = {
				ALWAYS_SEARCH_USER_PATHS = NO;
				CLANG_CXX_LANGUAGE_STANDARD = "gnu++0x";
				CLANG_CXX_LIBRARY = "libc++";
				CLANG_ENABLE_MODULES = YES;
				CLANG_ENABLE_OBJC_ARC = YES;
				CLANG_WARN_BOOL_CONVERSION = YES;
				CLANG_WARN_CONSTANT_CONVERSION = YES;
				CLANG_WARN_DIRECT_OBJC_ISA_USAGE = YES_ERROR;
				CLANG_WARN_EMPTY_BODY = YES;
				CLANG_WARN_ENUM_CONVERSION = YES;
				CLANG_WARN_INT_CONVERSION = YES;
				CLANG_WARN_OBJC_ROOT_CLASS = YES_ERROR;
				CLANG_WARN_UNREACHABLE_CODE = YES;
				CLANG_WARN__DUPLICATE_METHOD_MATCH = YES;
				"CODE_SIGN_IDENTITY[sdk=iphoneos*]" = "iPhone Developer";
				COPY_PHASE_STRIP = NO;
				ENABLE_NS_ASSERTIONS = NO;
				ENABLE_STRICT_OBJC_MSGSEND = YES;
				GCC_C_LANGUAGE_STANDARD = gnu99;
				GCC_WARN_64_TO_32_BIT_CONVERSION = YES;
				GCC_WARN_ABOUT_RETURN_TYPE = YES_ERROR;
				GCC_WARN_UNDECLARED_SELECTOR = YES;
				GCC_WARN_UNINITIALIZED_AUTOS = YES_AGGRESSIVE;
				GCC_WARN_UNUSED_FUNCTION = YES;
				GCC_WARN_UNUSED_VARIABLE = YES;
				IPHONEOS_DEPLOYMENT_TARGET = 8.2;
				MTL_ENABLE_DEBUG_INFO = NO;
				SDKROOT = iphoneos;
				TARGETED_DEVICE_FAMILY = 2;
				VALIDATE_PRODUCT = YES;
			};
			name = Release;
		};
		ED13ED7D1AC203FC00A92CCF /* Debug */ = {
			isa = XCBuildConfiguration;
			buildSettings = {
				ASSETCATALOG_COMPILER_APPICON_NAME = AppIcon;
				INFOPLIST_FILE = StarWars/Info.plist;
				LD_RUNPATH_SEARCH_PATHS = "$(inherited) @executable_path/Frameworks";
				PRODUCT_NAME = "$(TARGET_NAME)";
				TARGETED_DEVICE_FAMILY = "1,2";
			};
			name = Debug;
		};
		ED13ED7E1AC203FC00A92CCF /* Release */ = {
			isa = XCBuildConfiguration;
			buildSettings = {
				ASSETCATALOG_COMPILER_APPICON_NAME = AppIcon;
				INFOPLIST_FILE = StarWars/Info.plist;
				LD_RUNPATH_SEARCH_PATHS = "$(inherited) @executable_path/Frameworks";
				PRODUCT_NAME = "$(TARGET_NAME)";
				TARGETED_DEVICE_FAMILY = "1,2";
			};
			name = Release;
		};
		ED13ED801AC203FC00A92CCF /* Debug */ = {
			isa = XCBuildConfiguration;
			buildSettings = {
				BUNDLE_LOADER = "$(TEST_HOST)";
				FRAMEWORK_SEARCH_PATHS = (
					"$(SDKROOT)/Developer/Library/Frameworks",
					"$(inherited)",
				);
				GCC_PREPROCESSOR_DEFINITIONS = (
					"DEBUG=1",
					"$(inherited)",
				);
				INFOPLIST_FILE = StarWarsTests/Info.plist;
				LD_RUNPATH_SEARCH_PATHS = "$(inherited) @executable_path/Frameworks @loader_path/Frameworks";
				PRODUCT_NAME = "$(TARGET_NAME)";
				TEST_HOST = "$(BUILT_PRODUCTS_DIR)/StarWars.app/StarWars";
			};
			name = Debug;
		};
		ED13ED811AC203FC00A92CCF /* Release */ = {
			isa = XCBuildConfiguration;
			buildSettings = {
				BUNDLE_LOADER = "$(TEST_HOST)";
				FRAMEWORK_SEARCH_PATHS = (
					"$(SDKROOT)/Developer/Library/Frameworks",
					"$(inherited)",
				);
				INFOPLIST_FILE = StarWarsTests/Info.plist;
				LD_RUNPATH_SEARCH_PATHS = "$(inherited) @executable_path/Frameworks @loader_path/Frameworks";
				PRODUCT_NAME = "$(TARGET_NAME)";
				TEST_HOST = "$(BUILT_PRODUCTS_DIR)/StarWars.app/StarWars";
			};
			name = Release;
		};
/* End XCBuildConfiguration section */

/* Begin XCConfigurationList section */
		ED13ED541AC203FC00A92CCF /* Build configuration list for PBXProject "StarWars" */ = {
			isa = XCConfigurationList;
			buildConfigurations = (
				ED13ED7A1AC203FC00A92CCF /* Debug */,
				ED13ED7B1AC203FC00A92CCF /* Release */,
			);
			defaultConfigurationIsVisible = 0;
			defaultConfigurationName = Release;
		};
		ED13ED7C1AC203FC00A92CCF /* Build configuration list for PBXNativeTarget "StarWars" */ = {
			isa = XCConfigurationList;
			buildConfigurations = (
				ED13ED7D1AC203FC00A92CCF /* Debug */,
				ED13ED7E1AC203FC00A92CCF /* Release */,
			);
			defaultConfigurationIsVisible = 0;
			defaultConfigurationName = Release;
		};
		ED13ED7F1AC203FC00A92CCF /* Build configuration list for PBXNativeTarget "StarWarsTests" */ = {
			isa = XCConfigurationList;
			buildConfigurations = (
				ED13ED801AC203FC00A92CCF /* Debug */,
				ED13ED811AC203FC00A92CCF /* Release */,
			);
			defaultConfigurationIsVisible = 0;
			defaultConfigurationName = Release;
		};
/* End XCConfigurationList section */
	};
	rootObject = ED13ED511AC203FC00A92CCF /* Project object */;
}
